
Microsoft Visual Studio Solution File, Format Version 12.00
# Visual Studio 15
VisualStudioVersion = 15.0.26124.0
MinimumVisualStudioVersion = 15.0.26124.0
Project("{2150E333-8FDC-42A3-9474-1A3956D46DE8}") = "legacy", "legacy", "{10792908-36BB-494C-8598-30FBFE6652AE}"
EndProject
Project("{2150E333-8FDC-42A3-9474-1A3956D46DE8}") = "src", "src", "{2E6BAA69-00FB-4CE3-9D83-8E9B1D48339F}"
EndProject
Project("{2150E333-8FDC-42A3-9474-1A3956D46DE8}") = "Lib", "Lib", "{4E91124E-EFD7-4FCA-983F-5EDBDEDDD9E6}"
EndProject
Project("{FAE04EC0-301F-11D3-BF4B-00C04F79EFBC}") = "CDK", "legacy\src\Lib\CDK\CDK.csproj", "{AFDE2460-1770-4E67-AC90-56BF69029FAD}"
EndProject
Project("{2150E333-8FDC-42A3-9474-1A3956D46DE8}") = "Security", "Security", "{8D32E827-C454-476B-A826-8FB71CE90187}"
EndProject
Project("{FAE04EC0-301F-11D3-BF4B-00C04F79EFBC}") = "CRM.Security.Data", "legacy\src\Security\CRM.Security.Data\CRM.Security.Data.csproj", "{B294A66B-10F6-4561-B73D-5E2A97180C4B}"
EndProject
Project("{FAE04EC0-301F-11D3-BF4B-00C04F79EFBC}") = "CRM.Security.Entity", "legacy\src\Security\CRM.Security.Entity\CRM.Security.Entity.csproj", "{81917D7F-F8F0-4E84-9A40-5EAAFA55556F}"
EndProject
Project("{2150E333-8FDC-42A3-9474-1A3956D46DE8}") = "Business", "Business", "{3BD30A97-D849-4617-B514-BD21ED5A7765}"
EndProject
Project("{FAE04EC0-301F-11D3-BF4B-00C04F79EFBC}") = "CRM.Business.Data", "legacy\src\Business\CRM.Business.Data\CRM.Business.Data.csproj", "{83362916-5A1D-4C8B-ACAF-2320F43F412A}"
EndProject
Project("{FAE04EC0-301F-11D3-BF4B-00C04F79EFBC}") = "CRM.Business.Entity", "legacy\src\Business\CRM.Business.Entity\CRM.Business.Entity.csproj", "{DB8013E2-09B0-4F7B-8C31-00F714674150}"
EndProject
Project("{2150E333-8FDC-42A3-9474-1A3956D46DE8}") = "Api", "Api", "{259CF411-DA81-4ECA-8D1F-77E2F632B351}"
EndProject
Project("{FAE04EC0-301F-11D3-BF4B-00C04F79EFBC}") = "CRM", "legacy\src\Api\CRM\CRM.csproj", "{9E89D5EC-2E66-4EE3-82FC-0590BB18B08F}"
EndProject
Global
	GlobalSection(SolutionConfigurationPlatforms) = preSolution
		Debug|Any CPU = Debug|Any CPU
		Debug|x64 = Debug|x64
		Debug|x86 = Debug|x86
		Release|Any CPU = Release|Any CPU
		Release|x64 = Release|x64
		Release|x86 = Release|x86
	EndGlobalSection
	GlobalSection(SolutionProperties) = preSolution
		HideSolutionNode = FALSE
	EndGlobalSection
	GlobalSection(ProjectConfigurationPlatforms) = postSolution
		{AFDE2460-1770-4E67-AC90-56BF69029FAD}.Debug|Any CPU.ActiveCfg = Debug|Any CPU
		{AFDE2460-1770-4E67-AC90-56BF69029FAD}.Debug|Any CPU.Build.0 = Debug|Any CPU
		{AFDE2460-1770-4E67-AC90-56BF69029FAD}.Debug|x64.ActiveCfg = Debug|Any CPU
		{AFDE2460-1770-4E67-AC90-56BF69029FAD}.Debug|x64.Build.0 = Debug|Any CPU
		{AFDE2460-1770-4E67-AC90-56BF69029FAD}.Debug|x86.ActiveCfg = Debug|Any CPU
		{AFDE2460-1770-4E67-AC90-56BF69029FAD}.Debug|x86.Build.0 = Debug|Any CPU
		{AFDE2460-1770-4E67-AC90-56BF69029FAD}.Release|Any CPU.ActiveCfg = Release|Any CPU
		{AFDE2460-1770-4E67-AC90-56BF69029FAD}.Release|Any CPU.Build.0 = Release|Any CPU
		{AFDE2460-1770-4E67-AC90-56BF69029FAD}.Release|x64.ActiveCfg = Release|Any CPU
		{AFDE2460-1770-4E67-AC90-56BF69029FAD}.Release|x64.Build.0 = Release|Any CPU
		{AFDE2460-1770-4E67-AC90-56BF69029FAD}.Release|x86.ActiveCfg = Release|Any CPU
		{AFDE2460-1770-4E67-AC90-56BF69029FAD}.Release|x86.Build.0 = Release|Any CPU
		{B294A66B-10F6-4561-B73D-5E2A97180C4B}.Debug|Any CPU.ActiveCfg = Debug|Any CPU
		{B294A66B-10F6-4561-B73D-5E2A97180C4B}.Debug|Any CPU.Build.0 = Debug|Any CPU
		{B294A66B-10F6-4561-B73D-5E2A97180C4B}.Debug|x64.ActiveCfg = Debug|Any CPU
		{B294A66B-10F6-4561-B73D-5E2A97180C4B}.Debug|x64.Build.0 = Debug|Any CPU
		{B294A66B-10F6-4561-B73D-5E2A97180C4B}.Debug|x86.ActiveCfg = Debug|Any CPU
		{B294A66B-10F6-4561-B73D-5E2A97180C4B}.Debug|x86.Build.0 = Debug|Any CPU
		{B294A66B-10F6-4561-B73D-5E2A97180C4B}.Release|Any CPU.ActiveCfg = Release|Any CPU
		{B294A66B-10F6-4561-B73D-5E2A97180C4B}.Release|Any CPU.Build.0 = Release|Any CPU
		{B294A66B-10F6-4561-B73D-5E2A97180C4B}.Release|x64.ActiveCfg = Release|Any CPU
		{B294A66B-10F6-4561-B73D-5E2A97180C4B}.Release|x64.Build.0 = Release|Any CPU
		{B294A66B-10F6-4561-B73D-5E2A97180C4B}.Release|x86.ActiveCfg = Release|Any CPU
		{B294A66B-10F6-4561-B73D-5E2A97180C4B}.Release|x86.Build.0 = Release|Any CPU
		{81917D7F-F8F0-4E84-9A40-5EAAFA55556F}.Debug|Any CPU.ActiveCfg = Debug|Any CPU
		{81917D7F-F8F0-4E84-9A40-5EAAFA55556F}.Debug|Any CPU.Build.0 = Debug|Any CPU
		{81917D7F-F8F0-4E84-9A40-5EAAFA55556F}.Debug|x64.ActiveCfg = Debug|Any CPU
		{81917D7F-F8F0-4E84-9A40-5EAAFA55556F}.Debug|x64.Build.0 = Debug|Any CPU
		{81917D7F-F8F0-4E84-9A40-5EAAFA55556F}.Debug|x86.ActiveCfg = Debug|Any CPU
		{81917D7F-F8F0-4E84-9A40-5EAAFA55556F}.Debug|x86.Build.0 = Debug|Any CPU
		{81917D7F-F8F0-4E84-9A40-5EAAFA55556F}.Release|Any CPU.ActiveCfg = Release|Any CPU
		{81917D7F-F8F0-4E84-9A40-5EAAFA55556F}.Release|Any CPU.Build.0 = Release|Any CPU
		{81917D7F-F8F0-4E84-9A40-5EAAFA55556F}.Release|x64.ActiveCfg = Release|Any CPU
		{81917D7F-F8F0-4E84-9A40-5EAAFA55556F}.Release|x64.Build.0 = Release|Any CPU
		{81917D7F-F8F0-4E84-9A40-5EAAFA55556F}.Release|x86.ActiveCfg = Release|Any CPU
		{81917D7F-F8F0-4E84-9A40-5EAAFA55556F}.Release|x86.Build.0 = Release|Any CPU
		{83362916-5A1D-4C8B-ACAF-2320F43F412A}.Debug|Any CPU.ActiveCfg = Debug|Any CPU
		{83362916-5A1D-4C8B-ACAF-2320F43F412A}.Debug|Any CPU.Build.0 = Debug|Any CPU
		{83362916-5A1D-4C8B-ACAF-2320F43F412A}.Debug|x64.ActiveCfg = Debug|Any CPU
		{83362916-5A1D-4C8B-ACAF-2320F43F412A}.Debug|x64.Build.0 = Debug|Any CPU
		{83362916-5A1D-4C8B-ACAF-2320F43F412A}.Debug|x86.ActiveCfg = Debug|Any CPU
		{83362916-5A1D-4C8B-ACAF-2320F43F412A}.Debug|x86.Build.0 = Debug|Any CPU
		{83362916-5A1D-4C8B-ACAF-2320F43F412A}.Release|Any CPU.ActiveCfg = Release|Any CPU
		{83362916-5A1D-4C8B-ACAF-2320F43F412A}.Release|Any CPU.Build.0 = Release|Any CPU
		{83362916-5A1D-4C8B-ACAF-2320F43F412A}.Release|x64.ActiveCfg = Release|Any CPU
		{83362916-5A1D-4C8B-ACAF-2320F43F412A}.Release|x64.Build.0 = Release|Any CPU
		{83362916-5A1D-4C8B-ACAF-2320F43F412A}.Release|x86.ActiveCfg = Release|Any CPU
		{83362916-5A1D-4C8B-ACAF-2320F43F412A}.Release|x86.Build.0 = Release|Any CPU
		{DB8013E2-09B0-4F7B-8C31-00F714674150}.Debug|Any CPU.ActiveCfg = Debug|Any CPU
		{DB8013E2-09B0-4F7B-8C31-00F714674150}.Debug|Any CPU.Build.0 = Debug|Any CPU
		{DB8013E2-09B0-4F7B-8C31-00F714674150}.Debug|x64.ActiveCfg = Debug|Any CPU
		{DB8013E2-09B0-4F7B-8C31-00F714674150}.Debug|x64.Build.0 = Debug|Any CPU
		{DB8013E2-09B0-4F7B-8C31-00F714674150}.Debug|x86.ActiveCfg = Debug|Any CPU
		{DB8013E2-09B0-4F7B-8C31-00F714674150}.Debug|x86.Build.0 = Debug|Any CPU
		{DB8013E2-09B0-4F7B-8C31-00F714674150}.Release|Any CPU.ActiveCfg = Release|Any CPU
		{DB8013E2-09B0-4F7B-8C31-00F714674150}.Release|Any CPU.Build.0 = Release|Any CPU
		{DB8013E2-09B0-4F7B-8C31-00F714674150}.Release|x64.ActiveCfg = Release|Any CPU
		{DB8013E2-09B0-4F7B-8C31-00F714674150}.Release|x64.Build.0 = Release|Any CPU
		{DB8013E2-09B0-4F7B-8C31-00F714674150}.Release|x86.ActiveCfg = Release|Any CPU
		{DB8013E2-09B0-4F7B-8C31-00F714674150}.Release|x86.Build.0 = Release|Any CPU
		{9E89D5EC-2E66-4EE3-82FC-0590BB18B08F}.Debug|Any CPU.ActiveCfg = Debug|Any CPU
		{9E89D5EC-2E66-4EE3-82FC-0590BB18B08F}.Debug|Any CPU.Build.0 = Debug|Any CPU
		{9E89D5EC-2E66-4EE3-82FC-0590BB18B08F}.Debug|x64.ActiveCfg = Debug|Any CPU
		{9E89D5EC-2E66-4EE3-82FC-0590BB18B08F}.Debug|x64.Build.0 = Debug|Any CPU
		{9E89D5EC-2E66-4EE3-82FC-0590BB18B08F}.Debug|x86.ActiveCfg = Debug|Any CPU
		{9E89D5EC-2E66-4EE3-82FC-0590BB18B08F}.Debug|x86.Build.0 = Debug|Any CPU
		{9E89D5EC-2E66-4EE3-82FC-0590BB18B08F}.Release|Any CPU.ActiveCfg = Release|Any CPU
		{9E89D5EC-2E66-4EE3-82FC-0590BB18B08F}.Release|Any CPU.Build.0 = Release|Any CPU
		{9E89D5EC-2E66-4EE3-82FC-0590BB18B08F}.Release|x64.ActiveCfg = Release|Any CPU
		{9E89D5EC-2E66-4EE3-82FC-0590BB18B08F}.Release|x64.Build.0 = Release|Any CPU
		{9E89D5EC-2E66-4EE3-82FC-0590BB18B08F}.Release|x86.ActiveCfg = Release|Any CPU
		{9E89D5EC-2E66-4EE3-82FC-0590BB18B08F}.Release|x86.Build.0 = Release|Any CPU
	EndGlobalSection
	GlobalSection(NestedProjects) = preSolution
		{2E6BAA69-00FB-4CE3-9D83-8E9B1D48339F} = {10792908-36BB-494C-8598-30FBFE6652AE}
		{4E91124E-EFD7-4FCA-983F-5EDBDEDDD9E6} = {2E6BAA69-00FB-4CE3-9D83-8E9B1D48339F}
		{AFDE2460-1770-4E67-AC90-56BF69029FAD} = {4E91124E-EFD7-4FCA-983F-5EDBDEDDD9E6}
		{8D32E827-C454-476B-A826-8FB71CE90187} = {2E6BAA69-00FB-4CE3-9D83-8E9B1D48339F}
		{B294A66B-10F6-4561-B73D-5E2A97180C4B} = {8D32E827-C454-476B-A826-8FB71CE90187}
		{81917D7F-F8F0-4E84-9A40-5EAAFA55556F} = {8D32E827-C454-476B-A826-8FB71CE90187}
		{3BD30A97-D849-4617-B514-BD21ED5A7765} = {2E6BAA69-00FB-4CE3-9D83-8E9B1D48339F}
		{83362916-5A1D-4C8B-ACAF-2320F43F412A} = {3BD30A97-D849-4617-B514-BD21ED5A7765}
		{DB8013E2-09B0-4F7B-8C31-00F714674150} = {3BD30A97-D849-4617-B514-BD21ED5A7765}
		{259CF411-DA81-4ECA-8D1F-77E2F632B351} = {2E6BAA69-00FB-4CE3-9D83-8E9B1D48339F}
		{9E89D5EC-2E66-4EE3-82FC-0590BB18B08F} = {259CF411-DA81-4ECA-8D1F-77E2F632B351}
	EndGlobalSection
EndGlobal
